{
  "originHash" : "3b858b6adaad931d61fc52aabb5eccd2fd6b4d855b4592ea1826cd114e708e74",
  "pins" : [
    {
      "identity" : "colourutils",
      "kind" : "remoteSourceControl",
      "location" : "https://github.com/pdtxie/ColourUtils",
      "state" : {
        "branch" : "main",
        "revision" : "dd75601f17b3c451ca51add40cc3fee424804a22"
      }
    },
    {
      "identity" : "toast-swift",
      "kind" : "remoteSourceControl",
      "location" : "https://github.com/BastiaanJansen/toast-swift",
      "state" : {
        "revision" : "bc52aa61d6a372da553d1d59bdd4e56037ae2f14",
        "version" : "1.5.0"
      }
    }
  ],
  "version" : 3
}
