// !$*UTF8*$!
{
	archiveVersion = 1;
	classes = {
	};
	objectVersion = 56;
	objects = {

/* Begin PBXBuildFile section */
		2319D1E92A27091600AC2D23 /* Quicksand.ttf in Resources */ = {isa = PBXBuildFile; fileRef = 2319D1E82A27091600AC2D23 /* Quicksand.ttf */; };
		2319D1EC2A270A6000AC2D23 /* Toast in Frameworks */ = {isa = PBXBuildFile; productRef = 2319D1EB2A270A6000AC2D23 /* Toast */; };
		232E95E129CAD16300B09916 /* ColourDetailViewController.swift in Sources */ = {isa = PBXBuildFile; fileRef = 232E95E029CAD16300B09916 /* ColourDetailViewController.swift */; };
		236924D729C56504006B40BD /* AppDelegate.swift in Sources */ = {isa = PBXBuildFile; fileRef = 236924D629C56504006B40BD /* AppDelegate.swift */; };
		236924D929C56504006B40BD /* SceneDelegate.swift in Sources */ = {isa = PBXBuildFile; fileRef = 236924D829C56504006B40BD /* SceneDelegate.swift */; };
		236924DB29C56504006B40BD /* ShadesViewController.swift in Sources */ = {isa = PBXBuildFile; fileRef = 236924DA29C56504006B40BD /* ShadesViewController.swift */; };
		236924E029C56505006B40BD /* Assets.xcassets in Resources */ = {isa = PBXBuildFile; fileRef = 236924DF29C56505006B40BD /* Assets.xcassets */; };
		236924E329C56505006B40BD /* LaunchScreen.storyboard in Resources */ = {isa = PBXBuildFile; fileRef = 236924E129C56505006B40BD /* LaunchScreen.storyboard */; };
		236924EB29C5651F006B40BD /* Main.storyboard in Resources */ = {isa = PBXBuildFile; fileRef = 236924EA29C5651F006B40BD /* Main.storyboard */; };
		23CE0BF52BB66DC200A1B0FA /* ColourUtils in Frameworks */ = {isa = PBXBuildFile; productRef = 23CE0BF42BB66DC200A1B0FA /* ColourUtils */; };
		AFD9499029CD2701009DFD00 /* Accelerate.framework in Frameworks */ = {isa = PBXBuildFile; fileRef = AFD9498F29CD2701009DFD00 /* Accelerate.framework */; };
/* End PBXBuildFile section */

/* Begin PBXFileReference section */
		2319D1E82A27091600AC2D23 /* Quicksand.ttf */ = {isa = PBXFileReference; lastKnownFileType = file; path = Quicksand.ttf; sourceTree = "<group>"; };
		232E95E029CAD16300B09916 /* ColourDetailViewController.swift */ = {isa = PBXFileReference; lastKnownFileType = sourcecode.swift; path = ColourDetailViewController.swift; sourceTree = "<group>"; };
		236924D329C56504006B40BD /* shadeGenerator.app */ = {isa = PBXFileReference; explicitFileType = wrapper.application; includeInIndex = 0; path = shadeGenerator.app; sourceTree = BUILT_PRODUCTS_DIR; };
		236924D629C56504006B40BD /* AppDelegate.swift */ = {isa = PBXFileReference; lastKnownFileType = sourcecode.swift; path = AppDelegate.swift; sourceTree = "<group>"; };
		236924D829C56504006B40BD /* SceneDelegate.swift */ = {isa = PBXFileReference; lastKnownFileType = sourcecode.swift; path = SceneDelegate.swift; sourceTree = "<group>"; };
		236924DA29C56504006B40BD /* ShadesViewController.swift */ = {isa = PBXFileReference; lastKnownFileType = sourcecode.swift; path = ShadesViewController.swift; sourceTree = "<group>"; };
		236924DF29C56505006B40BD /* Assets.xcassets */ = {isa = PBXFileReference; lastKnownFileType = folder.assetcatalog; path = Assets.xcassets; sourceTree = "<group>"; };
		236924E229C56505006B40BD /* Base */ = {isa = PBXFileReference; lastKnownFileType = file.storyboard; name = Base; path = Base.lproj/LaunchScreen.storyboard; sourceTree = "<group>"; };
		236924E429C56505006B40BD /* Info.plist */ = {isa = PBXFileReference; lastKnownFileType = text.plist.xml; path = Info.plist; sourceTree = "<group>"; };
		236924EA29C5651F006B40BD /* Main.storyboard */ = {isa = PBXFileReference; fileEncoding = 4; lastKnownFileType = file.storyboard; path = Main.storyboard; sourceTree = "<group>"; };
		AFD9498D29CD26A8009DFD00 /* shadeGenerator.entitlements */ = {isa = PBXFileReference; lastKnownFileType = text.plist.entitlements; path = shadeGenerator.entitlements; sourceTree = "<group>"; };
		AFD9498F29CD2701009DFD00 /* Accelerate.framework */ = {isa = PBXFileReference; lastKnownFileType = wrapper.framework; name = Accelerate.framework; path = Platforms/MacOSX.platform/Developer/SDKs/MacOSX13.3.sdk/System/Library/Frameworks/Accelerate.framework; sourceTree = DEVELOPER_DIR; };
/* End PBXFileReference section */

/* Begin PBXFrameworksBuildPhase section */
		236924D029C56504006B40BD /* Frameworks */ = {
			isa = PBXFrameworksBuildPhase;
			buildActionMask = 2147483647;
			files = (
				2319D1EC2A270A6000AC2D23 /* Toast in Frameworks */,
				AFD9499029CD2701009DFD00 /* Accelerate.framework in Frameworks */,
				23CE0BF52BB66DC200A1B0FA /* ColourUtils in Frameworks */,
			);
			runOnlyForDeploymentPostprocessing = 0;
		};
/* End PBXFrameworksBuildPhase section */

/* Begin PBXGroup section */
		2319D1E62A27041000AC2D23 /* ext */ = {
			isa = PBXGroup;
			children = (
				2319D1E82A27091600AC2D23 /* Quicksand.ttf */,
			);
			path = ext;
			sourceTree = "<group>";
		};
		236924CA29C56504006B40BD = {
			isa = PBXGroup;
			children = (
				236924D529C56504006B40BD /* shadeGenerator */,
				236924D429C56504006B40BD /* Products */,
				AFD9498E29CD2700009DFD00 /* Frameworks */,
			);
			sourceTree = "<group>";
		};
		236924D429C56504006B40BD /* Products */ = {
			isa = PBXGroup;
			children = (
				236924D329C56504006B40BD /* shadeGenerator.app */,
			);
			name = Products;
			sourceTree = "<group>";
		};
		236924D529C56504006B40BD /* shadeGenerator */ = {
			isa = PBXGroup;
			children = (
				2319D1E62A27041000AC2D23 /* ext */,
				AFD9498D29CD26A8009DFD00 /* shadeGenerator.entitlements */,
				236924D629C56504006B40BD /* AppDelegate.swift */,
				236924D829C56504006B40BD /* SceneDelegate.swift */,
				236924DA29C56504006B40BD /* ShadesViewController.swift */,
				232E95E029CAD16300B09916 /* ColourDetailViewController.swift */,
				236924DF29C56505006B40BD /* Assets.xcassets */,
				236924EA29C5651F006B40BD /* Main.storyboard */,
				236924E129C56505006B40BD /* LaunchScreen.storyboard */,
				236924E429C56505006B40BD /* Info.plist */,
			);
			path = shadeGenerator;
			sourceTree = "<group>";
		};
		AFD9498E29CD2700009DFD00 /* Frameworks */ = {
			isa = PBXGroup;
			children = (
				AFD9498F29CD2701009DFD00 /* Accelerate.framework */,
			);
			name = Frameworks;
			sourceTree = "<group>";
		};
/* End PBXGroup section */

/* Begin PBXNativeTarget section */
		236924D229C56504006B40BD /* shadeGenerator */ = {
			isa = PBXNativeTarget;
			buildConfigurationList = 236924E729C56505006B40BD /* Build configuration list for PBXNativeTarget "shadeGenerator" */;
			buildPhases = (
				236924CF29C56504006B40BD /* Sources */,
				236924D029C56504006B40BD /* Frameworks */,
				236924D129C56504006B40BD /* Resources */,
			);
			buildRules = (
			);
			dependencies = (
			);
			name = shadeGenerator;
			packageProductDependencies = (
				2319D1EB2A270A6000AC2D23 /* Toast */,
				23CE0BF42BB66DC200A1B0FA /* ColourUtils */,
			);
			productName = shadeGenerator;
			productReference = 236924D329C56504006B40BD /* shadeGenerator.app */;
			productType = "com.apple.product-type.application";
		};
/* End PBXNativeTarget section */

/* Begin PBXProject section */
		236924CB29C56504006B40BD /* Project object */ = {
			isa = PBXProject;
			attributes = {
				BuildIndependentTargetsInParallel = 1;
				LastSwiftUpdateCheck = 1420;
				LastUpgradeCheck = 1420;
				TargetAttributes = {
					236924D229C56504006B40BD = {
						CreatedOnToolsVersion = 14.2;
						LastSwiftMigration = 1430;
					};
				};
			};
			buildConfigurationList = 236924CE29C56504006B40BD /* Build configuration list for PBXProject "shadeGenerator" */;
			compatibilityVersion = "Xcode 14.0";
			developmentRegion = en;
			hasScannedForEncodings = 0;
			knownRegions = (
				en,
				Base,
			);
			mainGroup = 236924CA29C56504006B40BD;
			packageReferences = (
				2319D1EA2A270A6000AC2D23 /* XCRemoteSwiftPackageReference "toast-swift" */,
				23CE0BF32BB66DC200A1B0FA /* XCRemoteSwiftPackageReference "ColourUtils" */,
			);
			productRefGroup = 236924D429C56504006B40BD /* Products */;
			projectDirPath = "";
			projectRoot = "";
			targets = (
				236924D229C56504006B40BD /* shadeGenerator */,
			);
		};
/* End PBXProject section */

/* Begin PBXResourcesBuildPhase section */
		236924D129C56504006B40BD /* Resources */ = {
			isa = PBXResourcesBuildPhase;
			buildActionMask = 2147483647;
			files = (
				236924E329C56505006B40BD /* LaunchScreen.storyboard in Resources */,
				2319D1E92A27091600AC2D23 /* Quicksand.ttf in Resources */,
				236924E029C56505006B40BD /* Assets.xcassets in Resources */,
				236924EB29C5651F006B40BD /* Main.storyboard in Resources */,
			);
			runOnlyForDeploymentPostprocessing = 0;
		};
/* End PBXResourcesBuildPhase section */

/* Begin PBXSourcesBuildPhase section */
		236924CF29C56504006B40BD /* Sources */ = {
			isa = PBXSourcesBuildPhase;
			buildActionMask = 2147483647;
			files = (
				236924DB29C56504006B40BD /* ShadesViewController.swift in Sources */,
				236924D729C56504006B40BD /* AppDelegate.swift in Sources */,
				232E95E129CAD16300B09916 /* ColourDetailViewController.swift in Sources */,
				236924D929C56504006B40BD /* SceneDelegate.swift in Sources */,
			);
			runOnlyForDeploymentPostprocessing = 0;
		};
/* End PBXSourcesBuildPhase section */

/* Begin PBXVariantGroup section */
		236924E129C56505006B40BD /* LaunchScreen.storyboard */ = {
			isa = PBXVariantGroup;
			children = (
				236924E229C56505006B40BD /* Base */,
			);
			name = LaunchScreen.storyboard;
			sourceTree = "<group>";
		};
/* End PBXVariantGroup section */

/* Begin XCBuildConfiguration section */
		236924E529C56505006B40BD /* Debug */ = {
			isa = XCBuildConfiguration;
			buildSettings = {
				ALWAYS_SEARCH_USER_PATHS = NO;
				CLANG_ANALYZER_NONNULL = YES;
				CLANG_ANALYZER_NUMBER_OBJECT_CONVERSION = YES_AGGRESSIVE;
				CLANG_CXX_LANGUAGE_STANDARD = "gnu++20";
				CLANG_ENABLE_MODULES = YES;
				CLANG_ENABLE_OBJC_ARC = YES;
				CLANG_ENABLE_OBJC_WEAK = YES;
				CLANG_WARN_BLOCK_CAPTURE_AUTORELEASING = YES;
				CLANG_WARN_BOOL_CONVERSION = YES;
				CLANG_WARN_COMMA = YES;
				CLANG_WARN_CONSTANT_CONVERSION = YES;
				CLANG_WARN_DEPRECATED_OBJC_IMPLEMENTATIONS = YES;
				CLANG_WARN_DIRECT_OBJC_ISA_USAGE = YES_ERROR;
				CLANG_WARN_DOCUMENTATION_COMMENTS = YES;
				CLANG_WARN_EMPTY_BODY = YES;
				CLANG_WARN_ENUM_CONVERSION = YES;
				CLANG_WARN_INFINITE_RECURSION = YES;
				CLANG_WARN_INT_CONVERSION = YES;
				CLANG_WARN_NON_LITERAL_NULL_CONVERSION = YES;
				CLANG_WARN_OBJC_IMPLICIT_RETAIN_SELF = YES;
				CLANG_WARN_OBJC_LITERAL_CONVERSION = YES;
				CLANG_WARN_OBJC_ROOT_CLASS = YES_ERROR;
				CLANG_WARN_QUOTED_INCLUDE_IN_FRAMEWORK_HEADER = YES;
				CLANG_WARN_RANGE_LOOP_ANALYSIS = YES;
				CLANG_WARN_STRICT_PROTOTYPES = YES;
				CLANG_WARN_SUSPICIOUS_MOVE = YES;
				CLANG_WARN_UNGUARDED_AVAILABILITY = YES_AGGRESSIVE;
				CLANG_WARN_UNREACHABLE_CODE = YES;
				CLANG_WARN__DUPLICATE_METHOD_MATCH = YES;
				COPY_PHASE_STRIP = NO;
				DEBUG_INFORMATION_FORMAT = dwarf;
				ENABLE_STRICT_OBJC_MSGSEND = YES;
				ENABLE_TESTABILITY = YES;
				GCC_C_LANGUAGE_STANDARD = gnu11;
				GCC_DYNAMIC_NO_PIC = NO;
				GCC_NO_COMMON_BLOCKS = YES;
				GCC_OPTIMIZATION_LEVEL = 0;
				GCC_PREPROCESSOR_DEFINITIONS = (
					"DEBUG=1",
					"$(inherited)",
				);
				GCC_WARN_64_TO_32_BIT_CONVERSION = YES;
				GCC_WARN_ABOUT_RETURN_TYPE = YES_ERROR;
				GCC_WARN_UNDECLARED_SELECTOR = YES;
				GCC_WARN_UNINITIALIZED_AUTOS = YES_AGGRESSIVE;
				GCC_WARN_UNUSED_FUNCTION = YES;
				GCC_WARN_UNUSED_VARIABLE = YES;
				IPHONEOS_DEPLOYMENT_TARGET = 16.2;
				MTL_ENABLE_DEBUG_INFO = INCLUDE_SOURCE;
				MTL_FAST_MATH = YES;
				ONLY_ACTIVE_ARCH = YES;
				SDKROOT = iphoneos;
				SWIFT_ACTIVE_COMPILATION_CONDITIONS = DEBUG;
				SWIFT_OPTIMIZATION_LEVEL = "-Onone";
			};
			name = Debug;
		};
		236924E629C56505006B40BD /* Release */ = {
			isa = XCBuildConfiguration;
			buildSettings = {
				ALWAYS_SEARCH_USER_PATHS = NO;
				CLANG_ANALYZER_NONNULL = YES;
				CLANG_ANALYZER_NUMBER_OBJECT_CONVERSION = YES_AGGRESSIVE;
				CLANG_CXX_LANGUAGE_STANDARD = "gnu++20";
				CLANG_ENABLE_MODULES = YES;
				CLANG_ENABLE_OBJC_ARC = YES;
				CLANG_ENABLE_OBJC_WEAK = YES;
				CLANG_WARN_BLOCK_CAPTURE_AUTORELEASING = YES;
				CLANG_WARN_BOOL_CONVERSION = YES;
				CLANG_WARN_COMMA = YES;
				CLANG_WARN_CONSTANT_CONVERSION = YES;
				CLANG_WARN_DEPRECATED_OBJC_IMPLEMENTATIONS = YES;
				CLANG_WARN_DIRECT_OBJC_ISA_USAGE = YES_ERROR;
				CLANG_WARN_DOCUMENTATION_COMMENTS = YES;
				CLANG_WARN_EMPTY_BODY = YES;
				CLANG_WARN_ENUM_CONVERSION = YES;
				CLANG_WARN_INFINITE_RECURSION = YES;
				CLANG_WARN_INT_CONVERSION = YES;
				CLANG_WARN_NON_LITERAL_NULL_CONVERSION = YES;
				CLANG_WARN_OBJC_IMPLICIT_RETAIN_SELF = YES;
				CLANG_WARN_OBJC_LITERAL_CONVERSION = YES;
				CLANG_WARN_OBJC_ROOT_CLASS = YES_ERROR;
				CLANG_WARN_QUOTED_INCLUDE_IN_FRAMEWORK_HEADER = YES;
				CLANG_WARN_RANGE_LOOP_ANALYSIS = YES;
				CLANG_WARN_STRICT_PROTOTYPES = YES;
				CLANG_WARN_SUSPICIOUS_MOVE = YES;
				CLANG_WARN_UNGUARDED_AVAILABILITY = YES_AGGRESSIVE;
				CLANG_WARN_UNREACHABLE_CODE = YES;
				CLANG_WARN__DUPLICATE_METHOD_MATCH = YES;
				COPY_PHASE_STRIP = NO;
				DEBUG_INFORMATION_FORMAT = "dwarf-with-dsym";
				ENABLE_NS_ASSERTIONS = NO;
				ENABLE_STRICT_OBJC_MSGSEND = YES;
				GCC_C_LANGUAGE_STANDARD = gnu11;
				GCC_NO_COMMON_BLOCKS = YES;
				GCC_WARN_64_TO_32_BIT_CONVERSION = YES;
				GCC_WARN_ABOUT_RETURN_TYPE = YES_ERROR;
				GCC_WARN_UNDECLARED_SELECTOR = YES;
				GCC_WARN_UNINITIALIZED_AUTOS = YES_AGGRESSIVE;
				GCC_WARN_UNUSED_FUNCTION = YES;
				GCC_WARN_UNUSED_VARIABLE = YES;
				IPHONEOS_DEPLOYMENT_TARGET = 16.2;
				MTL_ENABLE_DEBUG_INFO = NO;
				MTL_FAST_MATH = YES;
				SDKROOT = iphoneos;
				SWIFT_COMPILATION_MODE = wholemodule;
				SWIFT_OPTIMIZATION_LEVEL = "-O";
				VALIDATE_PRODUCT = YES;
			};
			name = Release;
		};
		236924E829C56505006B40BD /* Debug */ = {
			isa = XCBuildConfiguration;
			buildSettings = {
				ASSETCATALOG_COMPILER_APPICON_NAME = AppIcon;
				ASSETCATALOG_COMPILER_GLOBAL_ACCENT_COLOR_NAME = AccentColor;
				CLANG_ENABLE_MODULES = YES;
				CODE_SIGN_ENTITLEMENTS = shadeGenerator/shadeGenerator.entitlements;
				CODE_SIGN_STYLE = Automatic;
				CURRENT_PROJECT_VERSION = 1;
				DEVELOPMENT_TEAM = 52VS5QG4YD;
				GENERATE_INFOPLIST_FILE = YES;
				INFOPLIST_FILE = shadeGenerator/Info.plist;
				INFOPLIST_KEY_CFBundleDisplayName = "Shades!";
				INFOPLIST_KEY_LSApplicationCategoryType = "public.app-category.developer-tools";
				INFOPLIST_KEY_UIApplicationSupportsIndirectInputEvents = YES;
				INFOPLIST_KEY_UILaunchStoryboardName = LaunchScreen;
				INFOPLIST_KEY_UIMainStoryboardFile = Main;
				INFOPLIST_KEY_UISupportedInterfaceOrientations_iPad = "UIInterfaceOrientationPortrait UIInterfaceOrientationPortraitUpsideDown UIInterfaceOrientationLandscapeLeft UIInterfaceOrientationLandscapeRight";
				INFOPLIST_KEY_UISupportedInterfaceOrientations_iPhone = "UIInterfaceOrientationPortrait UIInterfaceOrientationLandscapeLeft UIInterfaceOrientationLandscapeRight";
				IPHONEOS_DEPLOYMENT_TARGET = 13.0;
				LD_RUNPATH_SEARCH_PATHS = (
					"$(inherited)",
					"@executable_path/Frameworks",
				);
				MARKETING_VERSION = 1.0;
				PRODUCT_BUNDLE_IDENTIFIER = com.pdt.shadeGenerator;
				PRODUCT_NAME = "$(TARGET_NAME)";
				SUPPORTED_PLATFORMS = "iphoneos iphonesimulator";
				SUPPORTS_MACCATALYST = YES;
				SUPPORTS_MAC_DESIGNED_FOR_IPHONE_IPAD = NO;
				SWIFT_EMIT_LOC_STRINGS = YES;
				SWIFT_OPTIMIZATION_LEVEL = "-Onone";
				SWIFT_VERSION = 5.0;
				TARGETED_DEVICE_FAMILY = "1,2";
			};
			name = Debug;
		};
		236924E929C56505006B40BD /* Release */ = {
			isa = XCBuildConfiguration;
			buildSettings = {
				ASSETCATALOG_COMPILER_APPICON_NAME = AppIcon;
				ASSETCATALOG_COMPILER_GLOBAL_ACCENT_COLOR_NAME = AccentColor;
				CLANG_ENABLE_MODULES = YES;
				CODE_SIGN_ENTITLEMENTS = shadeGenerator/shadeGenerator.entitlements;
				CODE_SIGN_STYLE = Automatic;
				CURRENT_PROJECT_VERSION = 1;
				DEVELOPMENT_TEAM = 52VS5QG4YD;
				GENERATE_INFOPLIST_FILE = YES;
				INFOPLIST_FILE = shadeGenerator/Info.plist;
				INFOPLIST_KEY_CFBundleDisplayName = "Shades!";
				INFOPLIST_KEY_LSApplicationCategoryType = "public.app-category.developer-tools";
				INFOPLIST_KEY_UIApplicationSupportsIndirectInputEvents = YES;
				INFOPLIST_KEY_UILaunchStoryboardName = LaunchScreen;
				INFOPLIST_KEY_UIMainStoryboardFile = Main;
				INFOPLIST_KEY_UISupportedInterfaceOrientations_iPad = "UIInterfaceOrientationPortrait UIInterfaceOrientationPortraitUpsideDown UIInterfaceOrientationLandscapeLeft UIInterfaceOrientationLandscapeRight";
				INFOPLIST_KEY_UISupportedInterfaceOrientations_iPhone = "UIInterfaceOrientationPortrait UIInterfaceOrientationLandscapeLeft UIInterfaceOrientationLandscapeRight";
				IPHONEOS_DEPLOYMENT_TARGET = 13.0;
				LD_RUNPATH_SEARCH_PATHS = (
					"$(inherited)",
					"@executable_path/Frameworks",
				);
				MARKETING_VERSION = 1.0;
				PRODUCT_BUNDLE_IDENTIFIER = com.pdt.shadeGenerator;
				PRODUCT_NAME = "$(TARGET_NAME)";
				SUPPORTED_PLATFORMS = "iphoneos iphonesimulator";
				SUPPORTS_MACCATALYST = YES;
				SUPPORTS_MAC_DESIGNED_FOR_IPHONE_IPAD = NO;
				SWIFT_EMIT_LOC_STRINGS = YES;
				SWIFT_VERSION = 5.0;
				TARGETED_DEVICE_FAMILY = "1,2";
			};
			name = Release;
		};
/* End XCBuildConfiguration section */

/* Begin XCConfigurationList section */
		236924CE29C56504006B40BD /* Build configuration list for PBXProject "shadeGenerator" */ = {
			isa = XCConfigurationList;
			buildConfigurations = (
				236924E529C56505006B40BD /* Debug */,
				236924E629C56505006B40BD /* Release */,
			);
			defaultConfigurationIsVisible = 0;
			defaultConfigurationName = Release;
		};
		236924E729C56505006B40BD /* Build configuration list for PBXNativeTarget "shadeGenerator" */ = {
			isa = XCConfigurationList;
			buildConfigurations = (
				236924E829C56505006B40BD /* Debug */,
				236924E929C56505006B40BD /* Release */,
			);
			defaultConfigurationIsVisible = 0;
			defaultConfigurationName = Release;
		};
/* End XCConfigurationList section */

/* Begin XCRemoteSwiftPackageReference section */
		2319D1EA2A270A6000AC2D23 /* XCRemoteSwiftPackageReference "toast-swift" */ = {
			isa = XCRemoteSwiftPackageReference;
			repositoryURL = "https://github.com/BastiaanJansen/toast-swift";
			requirement = {
				kind = upToNextMajorVersion;
				minimumVersion = 1.0.0;
			};
		};
		23CE0BF32BB66DC200A1B0FA /* XCRemoteSwiftPackageReference "ColourUtils" */ = {
			isa = XCRemoteSwiftPackageReference;
			repositoryURL = "https://github.com/pdtxie/ColourUtils";
			requirement = {
				branch = main;
				kind = branch;
			};
		};
/* End XCRemoteSwiftPackageReference section */

/* Begin XCSwiftPackageProductDependency section */
		2319D1EB2A270A6000AC2D23 /* Toast */ = {
			isa = XCSwiftPackageProductDependency;
			package = 2319D1EA2A270A6000AC2D23 /* XCRemoteSwiftPackageReference "toast-swift" */;
			productName = Toast;
		};
		23CE0BF42BB66DC200A1B0FA /* ColourUtils */ = {
			isa = XCSwiftPackageProductDependency;
			package = 23CE0BF32BB66DC200A1B0FA /* XCRemoteSwiftPackageReference "ColourUtils" */;
			productName = ColourUtils;
		};
/* End XCSwiftPackageProductDependency section */
	};
	rootObject = 236924CB29C56504006B40BD /* Project object */;
}
